{
    "name": "npm-at4dx-sample",
    "version": "1.0.0",
    "lockfileVersion": 1,
    "requires": true,
    "dependencies": {
        "npm-at4dx": {
            "version": "1.1.1",
            "resolved": "https://registry.npmjs.org/npm-at4dx/-/npm-at4dx-1.1.1.tgz",
            "integrity": "sha512-oaLuZ3ZvzB1szndYnamVP/uXKqC33jmX/f9J/JHdHaZaYrFmSkkivFnuwS+O/lFVSLBqBLrYTHO/ZwSfMrW2aA==",
            "requires": {
                "npm-fflib-common": "^1.1.1",
                "npm-force-di": "^1.1.1",
                "qfpm": "^1.1.1"
            }
        },
        "npm-fflib-common": {
            "version": "1.1.1",
            "resolved": "https://registry.npmjs.org/npm-fflib-common/-/npm-fflib-common-1.1.1.tgz",
            "integrity": "sha512-fiyCgvFUAKJs99R0g1b3DR3dLy+mT22mfBNJXzBAKqvMfrN19jX+EtN2odDtSG9r2CRFfKLhMPpVNTna0VEXng==",
            "requires": {
                "npm-fflib-mocks": "^1.1.1",
                "qfpm": "^1.1.1"
            }
        },
        "npm-fflib-mocks": {
            "version": "1.1.1",
            "resolved": "https://registry.npmjs.org/npm-fflib-mocks/-/npm-fflib-mocks-1.1.1.tgz",
            "integrity": "sha512-3ZdX8/waPoM6ldFgFXCywbW4WkJ93VVeAHE0U3LtHgCNYlF2q13JRyJDkaHLM9xLseEeuvQGiiYDwGn5FYI/TQ==",
            "requires": {
                "qfpm": "^1.1.1"
            }
        },
        "npm-force-di": {
            "version": "1.1.1",
            "resolved": "https://registry.npmjs.org/npm-force-di/-/npm-force-di-1.1.1.tgz",
            "integrity": "sha512-oJP1IonDbmqciv9rGDM5dIHRbicr83OziC8WaoAMPwB9NSy4cUjVl4W17JeRiRHm0wYa2b9IcAeUJrqBcL0wAw==",
            "requires": {
                "qfpm": "^1.1.1"
            }
        },
        "qfpm": {
            "version": "1.1.1",
            "resolved": "https://registry.npmjs.org/qfpm/-/qfpm-1.1.1.tgz",
            "integrity": "sha512-q46GW/zW6eJQSFa7XXJr8C9Njs93In0xjPKcALjP2pojnAXiilOA90EKJBmYx2n2iJ+BpTGO8zc6yDEbicIqUA=="
        }
    }
}
